{
  "name": "wandbox",
  "lockfileVersion": 2,
  "requires": true,
  "packages": {
    "": {
      "dependencies": {
        "i18next": "^21.6.11",
        "react-i18next": "^11.15.4",
        "remix-i18next": "^2.2.0"
      }
    },
    "node_modules/@babel/runtime": {
      "version": "7.17.2",
      "resolved": "https://registry.npmjs.org/@babel/runtime/-/runtime-7.17.2.tgz",
      "integrity": "sha512-hzeyJyMA1YGdJTuWU0e/j4wKXrU4OMFvY2MSlaI9B7VQb0r5cxTE3EAIS2Q7Tn2RIcDkRvTA/v2JsAEhxe99uw==",
      "dependencies": {
        "regenerator-runtime": "^0.13.4"
      },
      "engines": {
        "node": ">=6.9.0"
      }
    },
    "node_modules/@remix-run/react": {
      "version": "1.2.1",
      "resolved": "https://registry.npmjs.org/@remix-run/react/-/react-1.2.1.tgz",
      "integrity": "sha512-s+3dvT+LaRCj0AR47LxXjbgArbAWcgUCZi4NPA+B2M8bKMoSFkHDBshuDmUm4squLrRk6JSvC6QiKvrxeyuuQg==",
      "peer": true,
      "dependencies": {
        "history": "^5.2.0",
        "react-router-dom": "^6.2.1"
      },
      "peerDependencies": {
        "react": ">=16.8",
        "react-dom": ">=16.8"
      }
    },
    "node_modules/@remix-run/server-runtime": {
      "version": "1.2.1",
      "resolved": "https://registry.npmjs.org/@remix-run/server-runtime/-/server-runtime-1.2.1.tgz",
      "integrity": "sha512-wn01V+O7y4dHQ059QGeXOpbG+d3IrqYnil9YDsJi4kielEFRDHDAFbmrMC+oF5qRYTuVRR3i6h2CSCyV2ICfeQ==",
      "peer": true,
      "dependencies": {
        "@types/cookie": "^0.4.0",
        "cookie": "^0.4.1",
        "jsesc": "^3.0.1",
        "react-router-dom": "^6.2.1",
        "set-cookie-parser": "^2.4.8",
        "source-map": "^0.7.3"
      },
      "peerDependencies": {
        "react": ">=16.8",
        "react-dom": ">=16.8"
      }
    },
    "node_modules/@types/cookie": {
      "version": "0.4.1",
      "resolved": "https://registry.npmjs.org/@types/cookie/-/cookie-0.4.1.tgz",
      "integrity": "sha512-XW/Aa8APYr6jSVVA1y/DEIZX0/GMKLEVekNG727R8cs56ahETkRAy/3DR7+fJyh7oUgGwNQaRfXCun0+KbWY7Q==",
      "peer": true
    },
    "node_modules/accept-language-parser": {
      "version": "1.5.0",
      "resolved": "https://registry.npmjs.org/accept-language-parser/-/accept-language-parser-1.5.0.tgz",
      "integrity": "sha1-iHfFQECo3LWeCgfZwf3kIpgzR5E="
    },
    "node_modules/cookie": {
      "version": "0.4.2",
      "resolved": "https://registry.npmjs.org/cookie/-/cookie-0.4.2.tgz",
      "integrity": "sha512-aSWTXFzaKWkvHO1Ny/s+ePFpvKsPnjc551iI41v3ny/ow6tBG5Vd+FuqGNhh1LxOmVzOlGUriIlOaokOvhaStA==",
      "peer": true,
      "engines": {
        "node": ">= 0.6"
      }
    },
    "node_modules/fast-deep-equal": {
      "version": "3.1.3",
      "resolved": "https://registry.npmjs.org/fast-deep-equal/-/fast-deep-equal-3.1.3.tgz",
      "integrity": "sha512-f3qQ9oQy9j2AhBe/H9VC91wLmKBCCU/gDOnKNAYG5hswO7BLKj09Hc5HYNz9cGI++xlpDCIgDaitVs03ATR84Q=="
    },
    "node_modules/history": {
      "version": "5.2.0",
      "resolved": "https://registry.npmjs.org/history/-/history-5.2.0.tgz",
      "integrity": "sha512-uPSF6lAJb3nSePJ43hN3eKj1dTWpN9gMod0ZssbFTIsen+WehTmEadgL+kg78xLJFdRfrrC//SavDzmRVdE+Ig==",
      "peer": true,
      "dependencies": {
        "@babel/runtime": "^7.7.6"
      }
    },
    "node_modules/html-escaper": {
      "version": "2.0.2",
      "resolved": "https://registry.npmjs.org/html-escaper/-/html-escaper-2.0.2.tgz",
      "integrity": "sha512-H2iMtd0I4Mt5eYiapRdIDjp+XzelXQ0tFE4JS7YFwFevXXMmOp9myNrUvCg0D6ws8iqkRPBfKHgbwig1SmlLfg=="
    },
    "node_modules/html-parse-stringify": {
      "version": "3.0.1",
      "resolved": "https://registry.npmjs.org/html-parse-stringify/-/html-parse-stringify-3.0.1.tgz",
      "integrity": "sha512-KknJ50kTInJ7qIScF3jeaFRpMpE8/lfiTdzf/twXyPBLAGrLRTmkz3AdTnKeh40X8k9L2fdYwEp/42WGXIRGcg==",
      "dependencies": {
        "void-elements": "3.1.0"
      }
    },
    "node_modules/i18next": {
      "version": "21.6.11",
      "resolved": "https://registry.npmjs.org/i18next/-/i18next-21.6.11.tgz",
      "integrity": "sha512-tJ2+o0lVO+fhi8bPkCpBAeY1SgkqmQm5NzgPWCQssBrywJw98/o+Kombhty5nxQOpHtvMmsxcOopczUiH6bJxQ==",
      "funding": [
        {
          "type": "individual",
          "url": "https://locize.com"
        },
        {
          "type": "individual",
          "url": "https://locize.com/i18next.html"
        },
        {
          "type": "individual",
          "url": "https://www.i18next.com/how-to/faq#i18next-is-awesome.-how-can-i-support-the-project"
        }
      ],
      "dependencies": {
        "@babel/runtime": "^7.12.0"
      }
    },
    "node_modules/js-tokens": {
      "version": "4.0.0",
      "resolved": "https://registry.npmjs.org/js-tokens/-/js-tokens-4.0.0.tgz",
      "integrity": "sha512-RdJUflcE3cUzKiMqQgsCu06FPu9UdIJO0beYbPhHN4k6apgJtifcoCtT9bcxOpYBtpD2kCM6Sbzg4CausW/PKQ==",
      "peer": true
    },
    "node_modules/jsesc": {
      "version": "3.0.2",
      "resolved": "https://registry.npmjs.org/jsesc/-/jsesc-3.0.2.tgz",
      "integrity": "sha512-xKqzzWXDttJuOcawBt4KnKHHIf5oQ/Cxax+0PWFG+DFDgHNAdi+TXECADI+RYiFUMmx8792xsMbbgXj4CwnP4g==",
      "peer": true,
      "bin": {
        "jsesc": "bin/jsesc"
      },
      "engines": {
        "node": ">=6"
      }
    },
    "node_modules/loose-envify": {
      "version": "1.4.0",
      "resolved": "https://registry.npmjs.org/loose-envify/-/loose-envify-1.4.0.tgz",
      "integrity": "sha512-lyuxPGr/Wfhrlem2CL/UcnUc1zcqKAImBDzukY7Y5F/yQiNdko6+fRLevlw1HgMySw7f611UIY408EtxRSoK3Q==",
      "peer": true,
      "dependencies": {
        "js-tokens": "^3.0.0 || ^4.0.0"
      },
      "bin": {
        "loose-envify": "cli.js"
      }
    },
    "node_modules/lru-cache": {
      "version": "6.0.0",
      "resolved": "https://registry.npmjs.org/lru-cache/-/lru-cache-6.0.0.tgz",
      "integrity": "sha512-Jo6dJ04CmSjuznwJSS3pUeWmd/H0ffTlkXXgwZi+eq1UCmqQwCh+eLsYOYCwY991i2Fah4h1BEMCx4qThGbsiA==",
      "dependencies": {
        "yallist": "^4.0.0"
      },
      "engines": {
        "node": ">=10"
      }
    },
    "node_modules/object-assign": {
      "version": "4.1.1",
      "resolved": "https://registry.npmjs.org/object-assign/-/object-assign-4.1.1.tgz",
      "integrity": "sha1-IQmtx5ZYh8/AXLvUQsrIv7s2CGM=",
      "peer": true,
      "engines": {
        "node": ">=0.10.0"
      }
    },
    "node_modules/react": {
      "version": "17.0.2",
      "resolved": "https://registry.npmjs.org/react/-/react-17.0.2.tgz",
      "integrity": "sha512-gnhPt75i/dq/z3/6q/0asP78D0u592D5L1pd7M8P+dck6Fu/jJeL6iVVK23fptSUZj8Vjf++7wXA8UNclGQcbA==",
      "peer": true,
      "dependencies": {
        "loose-envify": "^1.1.0",
        "object-assign": "^4.1.1"
      },
      "engines": {
        "node": ">=0.10.0"
      }
    },
    "node_modules/react-dom": {
      "version": "17.0.2",
      "resolved": "https://registry.npmjs.org/react-dom/-/react-dom-17.0.2.tgz",
      "integrity": "sha512-s4h96KtLDUQlsENhMn1ar8t2bEa+q/YAtj8pPPdIjPDGBDIVNsrD9aXNWqspUe6AzKCIG0C1HZZLqLV7qpOBGA==",
      "peer": true,
      "dependencies": {
        "loose-envify": "^1.1.0",
        "object-assign": "^4.1.1",
        "scheduler": "^0.20.2"
      },
      "peerDependencies": {
        "react": "17.0.2"
      }
    },
    "node_modules/react-i18next": {
      "version": "11.15.4",
      "resolved": "https://registry.npmjs.org/react-i18next/-/react-i18next-11.15.4.tgz",
      "integrity": "sha512-jKJNAcVcbPGK+yrTcXhLblgPY16n6NbpZZL3Mk8nswj1v3ayIiUBVDU09SgqnT+DluyQBS97hwSvPU5yVFG0yg==",
      "dependencies": {
        "@babel/runtime": "^7.14.5",
        "html-escaper": "^2.0.2",
        "html-parse-stringify": "^3.0.1"
      },
      "peerDependencies": {
        "i18next": ">= 19.0.0",
        "react": ">= 16.8.0"
      },
      "peerDependenciesMeta": {
        "react-dom": {
          "optional": true
        },
        "react-native": {
          "optional": true
        }
      }
    },
    "node_modules/react-router": {
      "version": "6.2.1",
      "resolved": "https://registry.npmjs.org/react-router/-/react-router-6.2.1.tgz",
      "integrity": "sha512-2fG0udBtxou9lXtK97eJeET2ki5//UWfQSl1rlJ7quwe6jrktK9FCCc8dQb5QY6jAv3jua8bBQRhhDOM/kVRsg==",
      "peer": true,
      "dependencies": {
        "history": "^5.2.0"
      },
      "peerDependencies": {
        "react": ">=16.8"
      }
    },
    "node_modules/react-router-dom": {
      "version": "6.2.1",
      "resolved": "https://registry.npmjs.org/react-router-dom/-/react-router-dom-6.2.1.tgz",
      "integrity": "sha512-I6Zax+/TH/cZMDpj3/4Fl2eaNdcvoxxHoH1tYOREsQ22OKDYofGebrNm6CTPUcvLvZm63NL/vzCYdjf9CUhqmA==",
      "peer": true,
      "dependencies": {
        "history": "^5.2.0",
        "react-router": "6.2.1"
      },
      "peerDependencies": {
        "react": ">=16.8",
        "react-dom": ">=16.8"
      }
    },
    "node_modules/regenerator-runtime": {
      "version": "0.13.9",
      "resolved": "https://registry.npmjs.org/regenerator-runtime/-/regenerator-runtime-0.13.9.tgz",
      "integrity": "sha512-p3VT+cOEgxFsRRA9X4lkI1E+k2/CtnKtU4gcxyaCUreilL/vqI6CdZ3wxVUx3UOUg+gnUOQQcRI7BmSI656MYA=="
    },
    "node_modules/remix-i18next": {
      "version": "2.2.0",
      "resolved": "https://registry.npmjs.org/remix-i18next/-/remix-i18next-2.2.0.tgz",
      "integrity": "sha512-pEVn2JCWvTSSuLaZX9C9o9Jb6pgrfZtyrJ5pOlZPXFiigeH3m9sjOq/01f7XJj7hYwHM3QVnm/VmalCuzUaa1g==",
      "dependencies": {
        "accept-language-parser": "^1.5.0",
        "lru-cache": "^6.0.0",
        "use-consistent-value": "^1.0.0"
      },
      "peerDependencies": {
        "@remix-run/react": "^1.0.0",
        "@remix-run/server-runtime": "^1.0.0",
        "i18next": "^21.3.3",
        "react": "^17.0.2",
        "react-i18next": "^11.13.0"
      }
    },
    "node_modules/scheduler": {
      "version": "0.20.2",
      "resolved": "https://registry.npmjs.org/scheduler/-/scheduler-0.20.2.tgz",
      "integrity": "sha512-2eWfGgAqqWFGqtdMmcL5zCMK1U8KlXv8SQFGglL3CEtd0aDVDWgeF/YoCmvln55m5zSk3J/20hTaSBeSObsQDQ==",
      "peer": true,
      "dependencies": {
        "loose-envify": "^1.1.0",
        "object-assign": "^4.1.1"
      }
    },
    "node_modules/set-cookie-parser": {
      "version": "2.4.8",
      "resolved": "https://registry.npmjs.org/set-cookie-parser/-/set-cookie-parser-2.4.8.tgz",
      "integrity": "sha512-edRH8mBKEWNVIVMKejNnuJxleqYE/ZSdcT8/Nem9/mmosx12pctd80s2Oy00KNZzrogMZS5mauK2/ymL1bvlvg==",
      "peer": true
    },
    "node_modules/source-map": {
      "version": "0.7.3",
      "resolved": "https://registry.npmjs.org/source-map/-/source-map-0.7.3.tgz",
      "integrity": "sha512-CkCj6giN3S+n9qrYiBTX5gystlENnRW5jZeNLHpe6aue+SrHcG5VYwujhW9s4dY31mEGsxBDrHR6oI69fTXsaQ==",
      "peer": true,
      "engines": {
        "node": ">= 8"
      }
    },
    "node_modules/use-consistent-value": {
      "version": "1.0.0",
      "resolved": "https://registry.npmjs.org/use-consistent-value/-/use-consistent-value-1.0.0.tgz",
      "integrity": "sha512-enIOysu0IwqjafsUXvhZPajB6UYjxwu8w38xWaHLfVs1onIyg2c0DwPgcknxqO0TpYpAHXdFDXOp7Cs9HbTIkw==",
      "dependencies": {
        "fast-deep-equal": "^3.1.3"
      },
      "engines": {
        "node": ">=10"
      },
      "peerDependencies": {
        "react": ">=16"
      }
    },
    "node_modules/void-elements": {
      "version": "3.1.0",
      "resolved": "https://registry.npmjs.org/void-elements/-/void-elements-3.1.0.tgz",
      "integrity": "sha1-YU9/v42AHwu18GYfWy9XhXUOTwk=",
      "engines": {
        "node": ">=0.10.0"
      }
    },
    "node_modules/yallist": {
      "version": "4.0.0",
      "resolved": "https://registry.npmjs.org/yallist/-/yallist-4.0.0.tgz",
      "integrity": "sha512-3wdGidZyq5PB084XLES5TpOSRA3wjXAlIWMhum2kRcv/41Sn2emQ0dycQW4uZXLejwKvg6EsvbdlVL+FYEct7A=="
    }
  },
  "dependencies": {
    "@babel/runtime": {
      "version": "7.17.2",
      "resolved": "https://registry.npmjs.org/@babel/runtime/-/runtime-7.17.2.tgz",
      "integrity": "sha512-hzeyJyMA1YGdJTuWU0e/j4wKXrU4OMFvY2MSlaI9B7VQb0r5cxTE3EAIS2Q7Tn2RIcDkRvTA/v2JsAEhxe99uw==",
      "requires": {
        "regenerator-runtime": "^0.13.4"
      }
    },
    "@remix-run/react": {
      "version": "1.2.1",
      "resolved": "https://registry.npmjs.org/@remix-run/react/-/react-1.2.1.tgz",
      "integrity": "sha512-s+3dvT+LaRCj0AR47LxXjbgArbAWcgUCZi4NPA+B2M8bKMoSFkHDBshuDmUm4squLrRk6JSvC6QiKvrxeyuuQg==",
      "peer": true,
      "requires": {
        "history": "^5.2.0",
        "react-router-dom": "^6.2.1"
      }
    },
    "@remix-run/server-runtime": {
      "version": "1.2.1",
      "resolved": "https://registry.npmjs.org/@remix-run/server-runtime/-/server-runtime-1.2.1.tgz",
      "integrity": "sha512-wn01V+O7y4dHQ059QGeXOpbG+d3IrqYnil9YDsJi4kielEFRDHDAFbmrMC+oF5qRYTuVRR3i6h2CSCyV2ICfeQ==",
      "peer": true,
      "requires": {
        "@types/cookie": "^0.4.0",
        "cookie": "^0.4.1",
        "jsesc": "^3.0.1",
        "react-router-dom": "^6.2.1",
        "set-cookie-parser": "^2.4.8",
        "source-map": "^0.7.3"
      }
    },
    "@types/cookie": {
      "version": "0.4.1",
      "resolved": "https://registry.npmjs.org/@types/cookie/-/cookie-0.4.1.tgz",
      "integrity": "sha512-XW/Aa8APYr6jSVVA1y/DEIZX0/GMKLEVekNG727R8cs56ahETkRAy/3DR7+fJyh7oUgGwNQaRfXCun0+KbWY7Q==",
      "peer": true
    },
    "accept-language-parser": {
      "version": "1.5.0",
      "resolved": "https://registry.npmjs.org/accept-language-parser/-/accept-language-parser-1.5.0.tgz",
      "integrity": "sha1-iHfFQECo3LWeCgfZwf3kIpgzR5E="
    },
    "cookie": {
      "version": "0.4.2",
      "resolved": "https://registry.npmjs.org/cookie/-/cookie-0.4.2.tgz",
      "integrity": "sha512-aSWTXFzaKWkvHO1Ny/s+ePFpvKsPnjc551iI41v3ny/ow6tBG5Vd+FuqGNhh1LxOmVzOlGUriIlOaokOvhaStA==",
      "peer": true
    },
    "fast-deep-equal": {
      "version": "3.1.3",
      "resolved": "https://registry.npmjs.org/fast-deep-equal/-/fast-deep-equal-3.1.3.tgz",
      "integrity": "sha512-f3qQ9oQy9j2AhBe/H9VC91wLmKBCCU/gDOnKNAYG5hswO7BLKj09Hc5HYNz9cGI++xlpDCIgDaitVs03ATR84Q=="
    },
    "history": {
      "version": "5.2.0",
      "resolved": "https://registry.npmjs.org/history/-/history-5.2.0.tgz",
      "integrity": "sha512-uPSF6lAJb3nSePJ43hN3eKj1dTWpN9gMod0ZssbFTIsen+WehTmEadgL+kg78xLJFdRfrrC//SavDzmRVdE+Ig==",
      "peer": true,
      "requires": {
        "@babel/runtime": "^7.7.6"
      }
    },
    "html-escaper": {
      "version": "2.0.2",
      "resolved": "https://registry.npmjs.org/html-escaper/-/html-escaper-2.0.2.tgz",
      "integrity": "sha512-H2iMtd0I4Mt5eYiapRdIDjp+XzelXQ0tFE4JS7YFwFevXXMmOp9myNrUvCg0D6ws8iqkRPBfKHgbwig1SmlLfg=="
    },
    "html-parse-stringify": {
      "version": "3.0.1",
      "resolved": "https://registry.npmjs.org/html-parse-stringify/-/html-parse-stringify-3.0.1.tgz",
      "integrity": "sha512-KknJ50kTInJ7qIScF3jeaFRpMpE8/lfiTdzf/twXyPBLAGrLRTmkz3AdTnKeh40X8k9L2fdYwEp/42WGXIRGcg==",
      "requires": {
        "void-elements": "3.1.0"
      }
    },
    "i18next": {
      "version": "21.6.11",
      "resolved": "https://registry.npmjs.org/i18next/-/i18next-21.6.11.tgz",
      "integrity": "sha512-tJ2+o0lVO+fhi8bPkCpBAeY1SgkqmQm5NzgPWCQssBrywJw98/o+Kombhty5nxQOpHtvMmsxcOopczUiH6bJxQ==",
      "requires": {
        "@babel/runtime": "^7.12.0"
      }
    },
    "js-tokens": {
      "version": "4.0.0",
      "resolved": "https://registry.npmjs.org/js-tokens/-/js-tokens-4.0.0.tgz",
      "integrity": "sha512-RdJUflcE3cUzKiMqQgsCu06FPu9UdIJO0beYbPhHN4k6apgJtifcoCtT9bcxOpYBtpD2kCM6Sbzg4CausW/PKQ==",
      "peer": true
    },
    "jsesc": {
      "version": "3.0.2",
      "resolved": "https://registry.npmjs.org/jsesc/-/jsesc-3.0.2.tgz",
      "integrity": "sha512-xKqzzWXDttJuOcawBt4KnKHHIf5oQ/Cxax+0PWFG+DFDgHNAdi+TXECADI+RYiFUMmx8792xsMbbgXj4CwnP4g==",
      "peer": true
    },
    "loose-envify": {
      "version": "1.4.0",
      "resolved": "https://registry.npmjs.org/loose-envify/-/loose-envify-1.4.0.tgz",
      "integrity": "sha512-lyuxPGr/Wfhrlem2CL/UcnUc1zcqKAImBDzukY7Y5F/yQiNdko6+fRLevlw1HgMySw7f611UIY408EtxRSoK3Q==",
      "peer": true,
      "requires": {
        "js-tokens": "^3.0.0 || ^4.0.0"
      }
    },
    "lru-cache": {
      "version": "6.0.0",
      "resolved": "https://registry.npmjs.org/lru-cache/-/lru-cache-6.0.0.tgz",
      "integrity": "sha512-Jo6dJ04CmSjuznwJSS3pUeWmd/H0ffTlkXXgwZi+eq1UCmqQwCh+eLsYOYCwY991i2Fah4h1BEMCx4qThGbsiA==",
      "requires": {
        "yallist": "^4.0.0"
      }
    },
    "object-assign": {
      "version": "4.1.1",
      "resolved": "https://registry.npmjs.org/object-assign/-/object-assign-4.1.1.tgz",
      "integrity": "sha1-IQmtx5ZYh8/AXLvUQsrIv7s2CGM=",
      "peer": true
    },
    "react": {
      "version": "17.0.2",
      "resolved": "https://registry.npmjs.org/react/-/react-17.0.2.tgz",
      "integrity": "sha512-gnhPt75i/dq/z3/6q/0asP78D0u592D5L1pd7M8P+dck6Fu/jJeL6iVVK23fptSUZj8Vjf++7wXA8UNclGQcbA==",
      "peer": true,
      "requires": {
        "loose-envify": "^1.1.0",
        "object-assign": "^4.1.1"
      }
    },
    "react-dom": {
      "version": "17.0.2",
      "resolved": "https://registry.npmjs.org/react-dom/-/react-dom-17.0.2.tgz",
      "integrity": "sha512-s4h96KtLDUQlsENhMn1ar8t2bEa+q/YAtj8pPPdIjPDGBDIVNsrD9aXNWqspUe6AzKCIG0C1HZZLqLV7qpOBGA==",
      "peer": true,
      "requires": {
        "loose-envify": "^1.1.0",
        "object-assign": "^4.1.1",
        "scheduler": "^0.20.2"
      }
    },
    "react-i18next": {
      "version": "11.15.4",
      "resolved": "https://registry.npmjs.org/react-i18next/-/react-i18next-11.15.4.tgz",
      "integrity": "sha512-jKJNAcVcbPGK+yrTcXhLblgPY16n6NbpZZL3Mk8nswj1v3ayIiUBVDU09SgqnT+DluyQBS97hwSvPU5yVFG0yg==",
      "requires": {
        "@babel/runtime": "^7.14.5",
        "html-escaper": "^2.0.2",
        "html-parse-stringify": "^3.0.1"
      }
    },
    "react-router": {
      "version": "6.2.1",
      "resolved": "https://registry.npmjs.org/react-router/-/react-router-6.2.1.tgz",
      "integrity": "sha512-2fG0udBtxou9lXtK97eJeET2ki5//UWfQSl1rlJ7quwe6jrktK9FCCc8dQb5QY6jAv3jua8bBQRhhDOM/kVRsg==",
      "peer": true,
      "requires": {
        "history": "^5.2.0"
      }
    },
    "react-router-dom": {
      "version": "6.2.1",
      "resolved": "https://registry.npmjs.org/react-router-dom/-/react-router-dom-6.2.1.tgz",
      "integrity": "sha512-I6Zax+/TH/cZMDpj3/4Fl2eaNdcvoxxHoH1tYOREsQ22OKDYofGebrNm6CTPUcvLvZm63NL/vzCYdjf9CUhqmA==",
      "peer": true,
      "requires": {
        "history": "^5.2.0",
        "react-router": "6.2.1"
      }
    },
    "regenerator-runtime": {
      "version": "0.13.9",
      "resolved": "https://registry.npmjs.org/regenerator-runtime/-/regenerator-runtime-0.13.9.tgz",
      "integrity": "sha512-p3VT+cOEgxFsRRA9X4lkI1E+k2/CtnKtU4gcxyaCUreilL/vqI6CdZ3wxVUx3UOUg+gnUOQQcRI7BmSI656MYA=="
    },
    "remix-i18next": {
      "version": "2.2.0",
      "resolved": "https://registry.npmjs.org/remix-i18next/-/remix-i18next-2.2.0.tgz",
      "integrity": "sha512-pEVn2JCWvTSSuLaZX9C9o9Jb6pgrfZtyrJ5pOlZPXFiigeH3m9sjOq/01f7XJj7hYwHM3QVnm/VmalCuzUaa1g==",
      "requires": {
        "accept-language-parser": "^1.5.0",
        "lru-cache": "^6.0.0",
        "use-consistent-value": "^1.0.0"
      }
    },
    "scheduler": {
      "version": "0.20.2",
      "resolved": "https://registry.npmjs.org/scheduler/-/scheduler-0.20.2.tgz",
      "integrity": "sha512-2eWfGgAqqWFGqtdMmcL5zCMK1U8KlXv8SQFGglL3CEtd0aDVDWgeF/YoCmvln55m5zSk3J/20hTaSBeSObsQDQ==",
      "peer": true,
      "requires": {
        "loose-envify": "^1.1.0",
        "object-assign": "^4.1.1"
      }
    },
    "set-cookie-parser": {
      "version": "2.4.8",
      "resolved": "https://registry.npmjs.org/set-cookie-parser/-/set-cookie-parser-2.4.8.tgz",
      "integrity": "sha512-edRH8mBKEWNVIVMKejNnuJxleqYE/ZSdcT8/Nem9/mmosx12pctd80s2Oy00KNZzrogMZS5mauK2/ymL1bvlvg==",
      "peer": true
    },
    "source-map": {
      "version": "0.7.3",
      "resolved": "https://registry.npmjs.org/source-map/-/source-map-0.7.3.tgz",
      "integrity": "sha512-CkCj6giN3S+n9qrYiBTX5gystlENnRW5jZeNLHpe6aue+SrHcG5VYwujhW9s4dY31mEGsxBDrHR6oI69fTXsaQ==",
      "peer": true
    },
    "use-consistent-value": {
      "version": "1.0.0",
      "resolved": "https://registry.npmjs.org/use-consistent-value/-/use-consistent-value-1.0.0.tgz",
      "integrity": "sha512-enIOysu0IwqjafsUXvhZPajB6UYjxwu8w38xWaHLfVs1onIyg2c0DwPgcknxqO0TpYpAHXdFDXOp7Cs9HbTIkw==",
      "requires": {
        "fast-deep-equal": "^3.1.3"
      }
    },
    "void-elements": {
      "version": "3.1.0",
      "resolved": "https://registry.npmjs.org/void-elements/-/void-elements-3.1.0.tgz",
      "integrity": "sha1-YU9/v42AHwu18GYfWy9XhXUOTwk="
    },
    "yallist": {
      "version": "4.0.0",
      "resolved": "https://registry.npmjs.org/yallist/-/yallist-4.0.0.tgz",
      "integrity": "sha512-3wdGidZyq5PB084XLES5TpOSRA3wjXAlIWMhum2kRcv/41Sn2emQ0dycQW4uZXLejwKvg6EsvbdlVL+FYEct7A=="
    }
  }
}
